
Microsoft Visual Studio Solution File, Format Version 12.00
# Visual Studio 2015
Project("{FAE04EC0-301F-11D3-BF4B-00C04F79EFBC}") = "MS IA.CSharp", "MS IA.CSharp.csproj", "{4B003E81-4FD4-7DDB-A63B-B42D878D2F96}"
EndProject
Project("{FAE04EC0-301F-11D3-BF4B-00C04F79EFBC}") = "MS IA.CSharp.Editor", "MS IA.CSharp.Editor.csproj", "{2FBA0CE3-FEE1-DBEB-83D0-B321B6E2B579}"
EndProject
Global
	GlobalSection(SolutionConfigurationPlatforms) = preSolution
		Debug|Any CPU = Debug|Any CPU
		Release|Any CPU = Release|Any CPU
	EndGlobalSection
	GlobalSection(ProjectConfigurationPlatforms) = postSolution
		{4B003E81-4FD4-7DDB-A63B-B42D878D2F96}.Debug|Any CPU.ActiveCfg = Debug|Any CPU
		{4B003E81-4FD4-7DDB-A63B-B42D878D2F96}.Debug|Any CPU.Build.0 = Debug|Any CPU
		{4B003E81-4FD4-7DDB-A63B-B42D878D2F96}.Release|Any CPU.ActiveCfg = Release|Any CPU
		{4B003E81-4FD4-7DDB-A63B-B42D878D2F96}.Release|Any CPU.Build.0 = Release|Any CPU
		{2FBA0CE3-FEE1-DBEB-83D0-B321B6E2B579}.Debug|Any CPU.ActiveCfg = Debug|Any CPU
		{2FBA0CE3-FEE1-DBEB-83D0-B321B6E2B579}.Debug|Any CPU.Build.0 = Debug|Any CPU
		{2FBA0CE3-FEE1-DBEB-83D0-B321B6E2B579}.Release|Any CPU.ActiveCfg = Release|Any CPU
		{2FBA0CE3-FEE1-DBEB-83D0-B321B6E2B579}.Release|Any CPU.Build.0 = Release|Any CPU
	EndGlobalSection
	GlobalSection(SolutionProperties) = preSolution
		HideSolutionNode = FALSE
	EndGlobalSection
EndGlobal
